# THIS IS AN AUTOGENERATED FILE. DO NOT EDIT THIS FILE DIRECTLY.
# yarn lockfile v1


vuetify@3.0.3:
  version "3.0.3"
  resolved "https://registry.yarnpkg.com/vuetify/-/vuetify-3.0.3.tgz#444968004dc413af9e7732cece0d56faed51c33a"
  integrity sha512-ODqnS2ux/qUjn/E7W600mvy096nUSSf1mEgYN9o1IpfeNOC7RsakPD37t3zmtift54YTrE/upjSpILg3piYKmQ==
